
Microsoft Visual Studio Solution File, Format Version 12.00
# Visual Studio Version 16
VisualStudioVersion = 16.0.29326.143
MinimumVisualStudioVersion = 10.0.40219.1
Project("{FAE04EC0-301F-11D3-BF4B-00C04F79EFBC}") = "LaunchApp", "LaunchApp.csproj", "{E061B0D0-B491-466C-B8D4-34519D910D9A}"
EndProject
Global
	GlobalSection(SolutionConfigurationPlatforms) = preSolution
		Debug|Any CPU = Debug|Any CPU
		Release|Any CPU = Release|Any CPU
	EndGlobalSection
	GlobalSection(ProjectConfigurationPlatforms) = postSolution
		{E061B0D0-B491-466C-B8D4-34519D910D9A}.Debug|Any CPU.ActiveCfg = Release|Any CPU
		{E061B0D0-B491-466C-B8D4-34519D910D9A}.Debug|Any CPU.Build.0 = Release|Any CPU
		{E061B0D0-B491-466C-B8D4-34519D910D9A}.Release|Any CPU.ActiveCfg = Release|Any CPU
		{E061B0D0-B491-466C-B8D4-34519D910D9A}.Release|Any CPU.Build.0 = Release|Any CPU
	EndGlobalSection
	GlobalSection(SolutionProperties) = preSolution
		HideSolutionNode = FALSE
	EndGlobalSection
	GlobalSection(ExtensibilityGlobals) = postSolution
		SolutionGuid = {6BE80B6E-B229-40F2-8238-6AF052272943}
	EndGlobalSection
EndGlobal
